// !$*UTF8*$!
{
	archiveVersion = 1;
	classes = {
	};
	objectVersion = 46;
	objects = {
/* Begin PBXBuildFile section */
		00A55419DE4B48E7A89FEABD /* SystemConfiguration.framework in Frameworks */ = {isa = PBXBuildFile; fileRef = E258CFCBD1734B438B668CD1 /* SystemConfiguration.framework */; };
		01EC6DBF0AA44E4EB4241301 /* CDVWKWebViewEngine.m in Sources */ = {isa = PBXBuildFile; fileRef = 732BE7EB5F4440E1AD702AD1 /* CDVWKWebViewEngine.m */; };
		0207DA581B56EA530066E2B4 /* Images.xcassets in Resources */ = {isa = PBXBuildFile; fileRef = 0207DA571B56EA530066E2B4 /* Images.xcassets */; };
		110509E488544A92A6087ADA /* AFURLRequestSerialization.m in Sources */ = {isa = PBXBuildFile; fileRef = 884A713AA33844EC882FB42C /* AFURLRequestSerialization.m */; };
		11CAE8007CC847FAA08E98F4 /* AFURLSessionManager.m in Sources */ = {isa = PBXBuildFile; fileRef = 4B32342211874268A0721434 /* AFURLSessionManager.m */; };
		19A22ABFCE3C4B59B9E359A1 /* GCDWebServerMultiPartFormRequest.m in Sources */ = {isa = PBXBuildFile; fileRef = F90D063D3BBF419591BC784F /* GCDWebServerMultiPartFormRequest.m */; };
		1D3623260D0F684500981E51 /* AppDelegate.m in Sources */ = {isa = PBXBuildFile; fileRef = 1D3623250D0F684500981E51 /* AppDelegate.m */; };
		1D60589B0D05DD56006BFB54 /* main.m in Sources */ = {isa = PBXBuildFile; fileRef = 29B97316FDCFA39411CA2CEA /* main.m */; };
		276B7D52BD5148989028EF7A /* SQLitePlugin.m in Sources */ = {isa = PBXBuildFile; fileRef = 46B57DCBA54F48189AE8255B /* SQLitePlugin.m */; };
		301BF552109A68D80062928A /* libCordova.a in Frameworks */ = {isa = PBXBuildFile; fileRef = 301BF535109A57CC0062928A /* libCordova.a */; };
		302D95F114D2391D003F00A1 /* MainViewController.m in Sources */ = {isa = PBXBuildFile; fileRef = 302D95EF14D2391D003F00A1 /* MainViewController.m */; };
		302D95F214D2391D003F00A1 /* MainViewController.xib in Resources */ = {isa = PBXBuildFile; fileRef = 302D95F014D2391D003F00A1 /* MainViewController.xib */; };
		3494662883F640A09E5B53AE /* CDVWKProcessPoolFactory.m in Sources */ = {isa = PBXBuildFile; fileRef = E371D5CEE4434FB0A5092500 /* CDVWKProcessPoolFactory.m */; };
		39A96ECD19F847C38528E033 /* GCDWebServerFileResponse.m in Sources */ = {isa = PBXBuildFile; fileRef = 6B1F30541F4D49A7AA04CEA9 /* GCDWebServerFileResponse.m */; };
		39ADF239CE4A4FD2B47E11A5 /* GCDWebServer.m in Sources */ = {isa = PBXBuildFile; fileRef = EF00C23BCD9740699F3C1DF1 /* GCDWebServer.m */; };
		3D8D7FC17BC9497E9352EC3F /* GCDWebServerConnection.m in Sources */ = {isa = PBXBuildFile; fileRef = AE5F2C337EDE4DE4AA873010 /* GCDWebServerConnection.m */; };
		3F5CE138F52341F59E9D9BBE /* GCDWebServerResponse.m in Sources */ = {isa = PBXBuildFile; fileRef = B94EE7A2BC3D492BBDC4D1F1 /* GCDWebServerResponse.m */; };
		45857EB3C00241738077ECCD /* sqlite3.c in Sources */ = {isa = PBXBuildFile; fileRef = F49DB32E72C6465A9FC4A80C /* sqlite3.c */; settings = {COMPILER_FLAGS = "-w -DSQLITE_THREADSAFE=1 -DSQLITE_DEFAULT_SYNCHRONOUS=3 -DSQLITE_DEFAULT_MEMSTATUS=0 -DSQLITE_OMIT_DECLTYPE -DSQLITE_OMIT_DEPRECATED -DSQLITE_OMIT_PROGRESS_CALLBACK -DSQLITE_OMIT_SHARED_CACHE -DSQLITE_TEMP_STORE=2 -DSQLITE_OMIT_LOAD_EXTENSION -DSQLITE_ENABLE_FTS3 -DSQLITE_ENABLE_FTS3_PARENTHESIS -DSQLITE_ENABLE_FTS4 -DSQLITE_ENABLE_RTREE -DSQLITE_DEFAULT_PAGE_SIZE=1024 -DSQLITE_DEFAULT_CACHE_SIZE=2000"; }; };
		4A3AA31489AA42F2A4923C5C /* CDVFile.m in Sources */ = {isa = PBXBuildFile; fileRef = 7AB99D8E9211442EA99FF2E8 /* CDVFile.m */; };
		54805A45D18B4DD29B170A3C /* AFHTTPSessionManager.m in Sources */ = {isa = PBXBuildFile; fileRef = 9987BEA7ECF341F29FF7531F /* AFHTTPSessionManager.m */; };
		5851440C57E24A67819D166A /* Security.framework in Frameworks */ = {isa = PBXBuildFile; fileRef = 04D39EE0A3DC46C690F395BA /* Security.framework */; };
		61908C04198444E595DD08C8 /* GCDWebServerFunctions.m in Sources */ = {isa = PBXBuildFile; fileRef = 547C8D9F2BBE4CC190F55457 /* GCDWebServerFunctions.m */; };
		6AFF5BF91D6E424B00AB3073 /* CDVLaunchScreen.storyboard in Resources */ = {isa = PBXBuildFile; fileRef = 6AFF5BF81D6E424B00AB3073 /* CDVLaunchScreen.storyboard */; };
		6B6FF5AD7F8E4BAF98B05A25 /* CordovaHttpPlugin.m in Sources */ = {isa = PBXBuildFile; fileRef = A932B14E370F458385CB9609 /* CordovaHttpPlugin.m */; };
		6CD1BCE4701643128A44670B /* CDVIonicKeyboard.m in Sources */ = {isa = PBXBuildFile; fileRef = 178620A1F1E747B6BC8E3A00 /* CDVIonicKeyboard.m */; };
		6DDD9B30C1234F51905893E2 /* PSPDFThreadSafeMutableDictionary.m in Sources */ = {isa = PBXBuildFile; fileRef = 758946DF214B423DB4F58304 /* PSPDFThreadSafeMutableDictionary.m */; settings = {COMPILER_FLAGS = "-w"; }; };
		7E949E9BF98A49EC94D72E89 /* WebKit.framework in Frameworks */ = {isa = PBXBuildFile; fileRef = F36B18E2EAF3453B8396EEF3 /* WebKit.framework */; settings = {ATTRIBUTES = (Weak, ); }; };
		8481E6DD3E45486B8B33CD64 /* GCDWebServerURLEncodedFormRequest.m in Sources */ = {isa = PBXBuildFile; fileRef = F202428B6C0A4A09AFD0921E /* GCDWebServerURLEncodedFormRequest.m */; };
		8529A1B0E0054E26AD39BF8E /* TextRequestSerializer.m in Sources */ = {isa = PBXBuildFile; fileRef = A5E36672B9F347E58306AFC3 /* TextRequestSerializer.m */; };
		915560B114F046C58A9BA71A /* TextResponseSerializer.m in Sources */ = {isa = PBXBuildFile; fileRef = 6FFE42FD98D74B77BB0A8659 /* TextResponseSerializer.m */; };
		94D680F736EE4B3C921372C9 /* GCDWebServerRequest.m in Sources */ = {isa = PBXBuildFile; fileRef = FC4FD58C1248450792202196 /* GCDWebServerRequest.m */; };
		9A400B7179B948F0A79F54BE /* GCDWebServerDataRequest.m in Sources */ = {isa = PBXBuildFile; fileRef = CD8A3697F7014A8D8AA55AFC /* GCDWebServerDataRequest.m */; };
		A56C684B9C7D4F12B92ADF35 /* CDVDevice.m in Sources */ = {isa = PBXBuildFile; fileRef = DDF999144FB54C2E8DAF09D4 /* CDVDevice.m */; };
		B4E9FB408D874800BD3013F2 /* libz.tbd in Frameworks */ = {isa = PBXBuildFile; fileRef = D970021C595B47B281031D9C /* libz.tbd */; };
		BAB6AD71508947EF95DB120C /* GCDWebServerStreamedResponse.m in Sources */ = {isa = PBXBuildFile; fileRef = 889E904FFF034963971B403C /* GCDWebServerStreamedResponse.m */; };
		BCA0C1CBBC48478ABDD8C5AF /* CDVLocalFilesystem.m in Sources */ = {isa = PBXBuildFile; fileRef = 190EBAC146AD4D55A493AACD /* CDVLocalFilesystem.m */; };
		C03580953E3A4EB5BB28B888 /* CDVWKWebViewUIDelegate.m in Sources */ = {isa = PBXBuildFile; fileRef = D43A8CB8E06F4382A15A797B /* CDVWKWebViewUIDelegate.m */; };
		C0CC40F14F684BC797CEC3B1 /* GCDWebServerFileRequest.m in Sources */ = {isa = PBXBuildFile; fileRef = 5B1079DD35F340A3899084FA /* GCDWebServerFileRequest.m */; };
		C2F57621329E4CC19F135CC7 /* AFURLResponseSerialization.m in Sources */ = {isa = PBXBuildFile; fileRef = CAC26502A2F645F6A23029E9 /* AFURLResponseSerialization.m */; };
		C464C61796E446AC8F3708B8 /* GCDWebServerDataResponse.m in Sources */ = {isa = PBXBuildFile; fileRef = E87AD1852104456B8AC047F4 /* GCDWebServerDataResponse.m */; };
		C654C2D216D74FC589BB3830 /* AFNetworkReachabilityManager.m in Sources */ = {isa = PBXBuildFile; fileRef = 2CDC509DD7D24945B8B06BE9 /* AFNetworkReachabilityManager.m */; };
		C9BFD240CBB84933BBCFB0AB /* CDVViewController+SplashScreen.m in Sources */ = {isa = PBXBuildFile; fileRef = BF4E784E209D48F19A6BDDAA /* CDVViewController+SplashScreen.m */; };
		C9EF68D0D686465BA05DAB47 /* AFSecurityPolicy.m in Sources */ = {isa = PBXBuildFile; fileRef = 9787D5254C9E46759DB9C5B1 /* AFSecurityPolicy.m */; };
		CB9307881F7A4FB4B7DE437D /* UICKeyChainStore.m in Sources */ = {isa = PBXBuildFile; fileRef = 8A4D3AEB756B4A4BB471165F /* UICKeyChainStore.m */; };
		DFB8DA0E8E8844C4B3FE7D8F /* CDVUniqueDeviceID.m in Sources */ = {isa = PBXBuildFile; fileRef = 71C39C67B92E45939E078D24 /* CDVUniqueDeviceID.m */; };
		ECD9B33F28774E5798351834 /* GCDWebServerErrorResponse.m in Sources */ = {isa = PBXBuildFile; fileRef = 2AD5297AC3F147FDA873177C /* GCDWebServerErrorResponse.m */; };
		EEFF877CB48849138A248C50 /* CDVSplashScreen.m in Sources */ = {isa = PBXBuildFile; fileRef = DAAF0FF65D5E416888E05316 /* CDVSplashScreen.m */; };
		F11D8E537CC8484C94BA3C47 /* CDVAssetLibraryFilesystem.m in Sources */ = {isa = PBXBuildFile; fileRef = D2FD01E6D7104BC88D307576 /* CDVAssetLibraryFilesystem.m */; };
		E104C7F0D01941C49FEB954B /* NSString+SSURLEncoding.m in Sources */ = {isa = PBXBuildFile; fileRef = 8A021F4F095642C6AB6A3B00 /* NSString+SSURLEncoding.m */; };
		C49D2EEAE83047DC9B55469E /* SocialSharing.m in Sources */ = {isa = PBXBuildFile; fileRef = 2D132866D15D48BE87156EBD /* SocialSharing.m */; };
		92192E2D00394ED8B8372460 /* Social.framework in Frameworks */ = {isa = PBXBuildFile; fileRef = E9E17D0355D645019FD093D7 /* Social.framework */; settings = {ATTRIBUTES = (Weak, ); }; };
		AAA7E1A8C7F54BC09DD393CA /* MessageUI.framework in Frameworks */ = {isa = PBXBuildFile; fileRef = 5DDD475F0BC2474085898B57 /* MessageUI.framework */; settings = {ATTRIBUTES = (Weak, ); }; };
/* End PBXBuildFile section */

/* Begin PBXContainerItemProxy section */
		301BF534109A57CC0062928A /* PBXContainerItemProxy */ = {
			isa = PBXContainerItemProxy;
			containerPortal = 301BF52D109A57CC0062928A /* CordovaLib/CordovaLib.xcodeproj */;
			proxyType = 2;
			remoteGlobalIDString = D2AAC07E0554694100DB518D;
			remoteInfo = CordovaLib;
		};
		301BF550109A68C00062928A /* PBXContainerItemProxy */ = {
			isa = PBXContainerItemProxy;
			containerPortal = 301BF52D109A57CC0062928A /* CordovaLib/CordovaLib.xcodeproj */;
			proxyType = 1;
			remoteGlobalIDString = D2AAC07D0554694100DB518D;
			remoteInfo = CordovaLib;
		};
		9F20807C211A3600006BC92E /* PBXContainerItemProxy */ = {
			isa = PBXContainerItemProxy;
			containerPortal = 301BF52D109A57CC0062928A /* CordovaLib/CordovaLib.xcodeproj */;
			proxyType = 2;
			remoteGlobalIDString = C0C01EB21E3911D50056E6CB;
			remoteInfo = Cordova;
		};
/* End PBXContainerItemProxy section */

/* Begin PBXFileReference section */
		0207DA571B56EA530066E2B4 /* Images.xcassets */ = {isa = PBXFileReference; lastKnownFileType = folder.assetcatalog; name = Images.xcassets; path = Dashboard/Images.xcassets; sourceTree = SOURCE_ROOT; };
		02953FE16E014C7CB9D44B2D /* CordovaHttpPlugin.h */ = {isa = PBXFileReference; explicitFileType = undefined; fileEncoding = 4; includeInIndex = 0; lastKnownFileType = sourcecode.c.h; name = CordovaHttpPlugin.h; path = "cordova-plugin-advanced-http/CordovaHttpPlugin.h"; sourceTree = "<group>"; };
		02C72FF910D443279E4A9D7B /* TextRequestSerializer.h */ = {isa = PBXFileReference; explicitFileType = undefined; fileEncoding = 4; includeInIndex = 0; lastKnownFileType = sourcecode.c.h; name = TextRequestSerializer.h; path = "cordova-plugin-advanced-http/TextRequestSerializer.h"; sourceTree = "<group>"; };
		04D39EE0A3DC46C690F395BA /* Security.framework */ = {isa = PBXFileReference; explicitFileType = undefined; fileEncoding = 9; includeInIndex = 0; lastKnownFileType = wrapper.framework; name = Security.framework; path = System/Library/Frameworks/Security.framework; sourceTree = SDKROOT; };
		08CDF57D306B423AAE5EBF08 /* CDVWKWebViewUIDelegate.h */ = {isa = PBXFileReference; explicitFileType = undefined; fileEncoding = 4; includeInIndex = 0; lastKnownFileType = sourcecode.c.h; name = CDVWKWebViewUIDelegate.h; path = "cordova-plugin-ionic-webview/CDVWKWebViewUIDelegate.h"; sourceTree = "<group>"; };
		0B95CD1FCF464899871ACA14 /* PSPDFThreadSafeMutableDictionary.h */ = {isa = PBXFileReference; explicitFileType = undefined; fileEncoding = 4; includeInIndex = 0; lastKnownFileType = sourcecode.c.h; name = PSPDFThreadSafeMutableDictionary.h; path = "cordova-sqlite-storage/PSPDFThreadSafeMutableDictionary.h"; sourceTree = "<group>"; };
		0C62CB959B6F4618B5CF6EE4 /* AFNetworking.h */ = {isa = PBXFileReference; explicitFileType = undefined; fileEncoding = 4; includeInIndex = 0; lastKnownFileType = sourcecode.c.h; name = AFNetworking.h; path = "cordova-plugin-advanced-http/AFNetworking.h"; sourceTree = "<group>"; };
		0FEDAB7E6BE842E0B83DD478 /* GCDWebServerErrorResponse.h */ = {isa = PBXFileReference; explicitFileType = undefined; fileEncoding = 4; includeInIndex = 0; lastKnownFileType = sourcecode.c.h; name = GCDWebServerErrorResponse.h; path = "cordova-plugin-ionic-webview/GCDWebServerErrorResponse.h"; sourceTree = "<group>"; };
		15E915D479904CE4A3352CE9 /* CDVViewController+SplashScreen.h */ = {isa = PBXFileReference; explicitFileType = undefined; fileEncoding = 4; includeInIndex = 0; lastKnownFileType = sourcecode.c.h; name = "CDVViewController+SplashScreen.h"; path = "cordova-plugin-splashscreen/CDVViewController+SplashScreen.h"; sourceTree = "<group>"; };
		178620A1F1E747B6BC8E3A00 /* CDVIonicKeyboard.m */ = {isa = PBXFileReference; explicitFileType = undefined; fileEncoding = 4; includeInIndex = 0; lastKnownFileType = sourcecode.c.objc; name = CDVIonicKeyboard.m; path = "cordova-plugin-ionic-keyboard/CDVIonicKeyboard.m"; sourceTree = "<group>"; };
		190EBAC146AD4D55A493AACD /* CDVLocalFilesystem.m */ = {isa = PBXFileReference; explicitFileType = undefined; fileEncoding = 4; includeInIndex = 0; lastKnownFileType = sourcecode.c.objc; name = CDVLocalFilesystem.m; path = "cordova-plugin-file/CDVLocalFilesystem.m"; sourceTree = "<group>"; };
		1D3623240D0F684500981E51 /* AppDelegate.h */ = {isa = PBXFileReference; fileEncoding = 4; lastKnownFileType = sourcecode.c.h; path = AppDelegate.h; sourceTree = "<group>"; };
		1D3623250D0F684500981E51 /* AppDelegate.m */ = {isa = PBXFileReference; fileEncoding = 4; lastKnownFileType = sourcecode.c.objc; path = AppDelegate.m; sourceTree = "<group>"; };
		1D6058910D05DD3D006BFB54 /* Dashboard.app */ = {isa = PBXFileReference; explicitFileType = wrapper.application; includeInIndex = 0; path = Dashboard.app; sourceTree = BUILT_PRODUCTS_DIR; };
		29B97316FDCFA39411CA2CEA /* main.m */ = {isa = PBXFileReference; fileEncoding = 4; lastKnownFileType = sourcecode.c.objc; path = main.m; sourceTree = "<group>"; };
		2AD5297AC3F147FDA873177C /* GCDWebServerErrorResponse.m */ = {isa = PBXFileReference; explicitFileType = undefined; fileEncoding = 4; includeInIndex = 0; lastKnownFileType = sourcecode.c.objc; name = GCDWebServerErrorResponse.m; path = "cordova-plugin-ionic-webview/GCDWebServerErrorResponse.m"; sourceTree = "<group>"; };
		2CDC509DD7D24945B8B06BE9 /* AFNetworkReachabilityManager.m */ = {isa = PBXFileReference; explicitFileType = undefined; fileEncoding = 4; includeInIndex = 0; lastKnownFileType = sourcecode.c.objc; name = AFNetworkReachabilityManager.m; path = "cordova-plugin-advanced-http/AFNetworkReachabilityManager.m"; sourceTree = "<group>"; };
		301BF52D109A57CC0062928A /* CordovaLib/CordovaLib.xcodeproj */ = {isa = PBXFileReference; lastKnownFileType = "wrapper.pb-project"; path = CordovaLib/CordovaLib.xcodeproj; sourceTree = "<group>"; };
		301BF56E109A69640062928A /* www */ = {isa = PBXFileReference; lastKnownFileType = folder; path = www; sourceTree = SOURCE_ROOT; };
		302D95EE14D2391D003F00A1 /* MainViewController.h */ = {isa = PBXFileReference; fileEncoding = 4; lastKnownFileType = sourcecode.c.h; path = MainViewController.h; sourceTree = "<group>"; };
		302D95EF14D2391D003F00A1 /* MainViewController.m */ = {isa = PBXFileReference; fileEncoding = 4; lastKnownFileType = sourcecode.c.objc; path = MainViewController.m; sourceTree = "<group>"; };
		302D95F014D2391D003F00A1 /* MainViewController.xib */ = {isa = PBXFileReference; fileEncoding = 4; lastKnownFileType = file.xib; path = MainViewController.xib; sourceTree = "<group>"; };
		3047A50F1AB8059700498E2A /* build-debug.xcconfig */ = {isa = PBXFileReference; fileEncoding = 4; lastKnownFileType = text.xcconfig; name = "build-debug.xcconfig"; path = "cordova/build-debug.xcconfig"; sourceTree = SOURCE_ROOT; };
		3047A5101AB8059700498E2A /* build-release.xcconfig */ = {isa = PBXFileReference; fileEncoding = 4; lastKnownFileType = text.xcconfig; name = "build-release.xcconfig"; path = "cordova/build-release.xcconfig"; sourceTree = SOURCE_ROOT; };
		3047A5111AB8059700498E2A /* build.xcconfig */ = {isa = PBXFileReference; fileEncoding = 4; lastKnownFileType = text.xcconfig; name = build.xcconfig; path = cordova/build.xcconfig; sourceTree = SOURCE_ROOT; };
		32CA4F630368D1EE00C91783 /* Dashboard-Prefix.pch */ = {isa = PBXFileReference; fileEncoding = 4; lastKnownFileType = sourcecode.c.h; path = "Dashboard-Prefix.pch"; sourceTree = "<group>"; };
		32F031888E1740789630C912 /* GCDWebServerHTTPStatusCodes.h */ = {isa = PBXFileReference; explicitFileType = undefined; fileEncoding = 4; includeInIndex = 0; lastKnownFileType = sourcecode.c.h; name = GCDWebServerHTTPStatusCodes.h; path = "cordova-plugin-ionic-webview/GCDWebServerHTTPStatusCodes.h"; sourceTree = "<group>"; };
		46B57DCBA54F48189AE8255B /* SQLitePlugin.m */ = {isa = PBXFileReference; explicitFileType = undefined; fileEncoding = 4; includeInIndex = 0; lastKnownFileType = sourcecode.c.objc; name = SQLitePlugin.m; path = "cordova-sqlite-storage/SQLitePlugin.m"; sourceTree = "<group>"; };
		474C99413BD740729D218E61 /* AFHTTPSessionManager.h */ = {isa = PBXFileReference; explicitFileType = undefined; fileEncoding = 4; includeInIndex = 0; lastKnownFileType = sourcecode.c.h; name = AFHTTPSessionManager.h; path = "cordova-plugin-advanced-http/AFHTTPSessionManager.h"; sourceTree = "<group>"; };
		4A25354D8ABE47709B80A094 /* CDVUniqueDeviceID.h */ = {isa = PBXFileReference; explicitFileType = undefined; fileEncoding = 4; includeInIndex = 0; lastKnownFileType = sourcecode.c.h; name = CDVUniqueDeviceID.h; path = "cordova-plugin-uniquedeviceid/CDVUniqueDeviceID.h"; sourceTree = "<group>"; };
		4B32342211874268A0721434 /* AFURLSessionManager.m */ = {isa = PBXFileReference; explicitFileType = undefined; fileEncoding = 4; includeInIndex = 0; lastKnownFileType = sourcecode.c.objc; name = AFURLSessionManager.m; path = "cordova-plugin-advanced-http/AFURLSessionManager.m"; sourceTree = "<group>"; };
		4C401EF145834077A334451E /* AFURLSessionManager.h */ = {isa = PBXFileReference; explicitFileType = undefined; fileEncoding = 4; includeInIndex = 0; lastKnownFileType = sourcecode.c.h; name = AFURLSessionManager.h; path = "cordova-plugin-advanced-http/AFURLSessionManager.h"; sourceTree = "<group>"; };
		4CF42604D17F4895B6E190D0 /* AFURLResponseSerialization.h */ = {isa = PBXFileReference; explicitFileType = undefined; fileEncoding = 4; includeInIndex = 0; lastKnownFileType = sourcecode.c.h; name = AFURLResponseSerialization.h; path = "cordova-plugin-advanced-http/AFURLResponseSerialization.h"; sourceTree = "<group>"; };
		4FCB0B4B0E764510BA9A4DBF /* GCDWebServerFunctions.h */ = {isa = PBXFileReference; explicitFileType = undefined; fileEncoding = 4; includeInIndex = 0; lastKnownFileType = sourcecode.c.h; name = GCDWebServerFunctions.h; path = "cordova-plugin-ionic-webview/GCDWebServerFunctions.h"; sourceTree = "<group>"; };
		51F87DF51FA24C42850627BD /* AFNetworkReachabilityManager.h */ = {isa = PBXFileReference; explicitFileType = undefined; fileEncoding = 4; includeInIndex = 0; lastKnownFileType = sourcecode.c.h; name = AFNetworkReachabilityManager.h; path = "cordova-plugin-advanced-http/AFNetworkReachabilityManager.h"; sourceTree = "<group>"; };
		547C8D9F2BBE4CC190F55457 /* GCDWebServerFunctions.m */ = {isa = PBXFileReference; explicitFileType = undefined; fileEncoding = 4; includeInIndex = 0; lastKnownFileType = sourcecode.c.objc; name = GCDWebServerFunctions.m; path = "cordova-plugin-ionic-webview/GCDWebServerFunctions.m"; sourceTree = "<group>"; };
		5B1079DD35F340A3899084FA /* GCDWebServerFileRequest.m */ = {isa = PBXFileReference; explicitFileType = undefined; fileEncoding = 4; includeInIndex = 0; lastKnownFileType = sourcecode.c.objc; name = GCDWebServerFileRequest.m; path = "cordova-plugin-ionic-webview/GCDWebServerFileRequest.m"; sourceTree = "<group>"; };
		5BD8633AFA50410CB2F5D7B3 /* AFSecurityPolicy.h */ = {isa = PBXFileReference; explicitFileType = undefined; fileEncoding = 4; includeInIndex = 0; lastKnownFileType = sourcecode.c.h; name = AFSecurityPolicy.h; path = "cordova-plugin-advanced-http/AFSecurityPolicy.h"; sourceTree = "<group>"; };
		5BFBF08B10564924A894DA6E /* CDVAssetLibraryFilesystem.h */ = {isa = PBXFileReference; explicitFileType = undefined; fileEncoding = 4; includeInIndex = 0; lastKnownFileType = sourcecode.c.h; name = CDVAssetLibraryFilesystem.h; path = "cordova-plugin-file/CDVAssetLibraryFilesystem.h"; sourceTree = "<group>"; };
		6363EA45DD1A4E39B35DFCEF /* GCDWebServerDataRequest.h */ = {isa = PBXFileReference; explicitFileType = undefined; fileEncoding = 4; includeInIndex = 0; lastKnownFileType = sourcecode.c.h; name = GCDWebServerDataRequest.h; path = "cordova-plugin-ionic-webview/GCDWebServerDataRequest.h"; sourceTree = "<group>"; };
		6AFF5BF81D6E424B00AB3073 /* CDVLaunchScreen.storyboard */ = {isa = PBXFileReference; fileEncoding = 4; lastKnownFileType = file.storyboard; name = CDVLaunchScreen.storyboard; path = Dashboard/CDVLaunchScreen.storyboard; sourceTree = SOURCE_ROOT; };
		6B1F30541F4D49A7AA04CEA9 /* GCDWebServerFileResponse.m */ = {isa = PBXFileReference; explicitFileType = undefined; fileEncoding = 4; includeInIndex = 0; lastKnownFileType = sourcecode.c.objc; name = GCDWebServerFileResponse.m; path = "cordova-plugin-ionic-webview/GCDWebServerFileResponse.m"; sourceTree = "<group>"; };
		6FFE42FD98D74B77BB0A8659 /* TextResponseSerializer.m */ = {isa = PBXFileReference; explicitFileType = undefined; fileEncoding = 4; includeInIndex = 0; lastKnownFileType = sourcecode.c.objc; name = TextResponseSerializer.m; path = "cordova-plugin-advanced-http/TextResponseSerializer.m"; sourceTree = "<group>"; };
		716DFD0F05A04C2BBB93AEB6 /* GCDWebServerRequest.h */ = {isa = PBXFileReference; explicitFileType = undefined; fileEncoding = 4; includeInIndex = 0; lastKnownFileType = sourcecode.c.h; name = GCDWebServerRequest.h; path = "cordova-plugin-ionic-webview/GCDWebServerRequest.h"; sourceTree = "<group>"; };
		71C39C67B92E45939E078D24 /* CDVUniqueDeviceID.m */ = {isa = PBXFileReference; explicitFileType = undefined; fileEncoding = 4; includeInIndex = 0; lastKnownFileType = sourcecode.c.objc; name = CDVUniqueDeviceID.m; path = "cordova-plugin-uniquedeviceid/CDVUniqueDeviceID.m"; sourceTree = "<group>"; };
		732BE7EB5F4440E1AD702AD1 /* CDVWKWebViewEngine.m */ = {isa = PBXFileReference; explicitFileType = undefined; fileEncoding = 4; includeInIndex = 0; lastKnownFileType = sourcecode.c.objc; name = CDVWKWebViewEngine.m; path = "cordova-plugin-ionic-webview/CDVWKWebViewEngine.m"; sourceTree = "<group>"; };
		758946DF214B423DB4F58304 /* PSPDFThreadSafeMutableDictionary.m */ = {isa = PBXFileReference; explicitFileType = undefined; fileEncoding = 4; includeInIndex = 0; lastKnownFileType = sourcecode.c.objc; name = PSPDFThreadSafeMutableDictionary.m; path = "cordova-sqlite-storage/PSPDFThreadSafeMutableDictionary.m"; sourceTree = "<group>"; };
		7598C22ACDD34E00902A4E18 /* CDVIonicKeyboard.h */ = {isa = PBXFileReference; explicitFileType = undefined; fileEncoding = 4; includeInIndex = 0; lastKnownFileType = sourcecode.c.h; name = CDVIonicKeyboard.h; path = "cordova-plugin-ionic-keyboard/CDVIonicKeyboard.h"; sourceTree = "<group>"; };
		7AB99D8E9211442EA99FF2E8 /* CDVFile.m */ = {isa = PBXFileReference; explicitFileType = undefined; fileEncoding = 4; includeInIndex = 0; lastKnownFileType = sourcecode.c.objc; name = CDVFile.m; path = "cordova-plugin-file/CDVFile.m"; sourceTree = "<group>"; };
		7C23012ECA6741779FD089B2 /* AFURLRequestSerialization.h */ = {isa = PBXFileReference; explicitFileType = undefined; fileEncoding = 4; includeInIndex = 0; lastKnownFileType = sourcecode.c.h; name = AFURLRequestSerialization.h; path = "cordova-plugin-advanced-http/AFURLRequestSerialization.h"; sourceTree = "<group>"; };
		7FEBD89C62C94DB498BD9068 /* GCDWebServerStreamedResponse.h */ = {isa = PBXFileReference; explicitFileType = undefined; fileEncoding = 4; includeInIndex = 0; lastKnownFileType = sourcecode.c.h; name = GCDWebServerStreamedResponse.h; path = "cordova-plugin-ionic-webview/GCDWebServerStreamedResponse.h"; sourceTree = "<group>"; };
		81C1E31800FC473591F92A75 /* GCDWebServerFileResponse.h */ = {isa = PBXFileReference; explicitFileType = undefined; fileEncoding = 4; includeInIndex = 0; lastKnownFileType = sourcecode.c.h; name = GCDWebServerFileResponse.h; path = "cordova-plugin-ionic-webview/GCDWebServerFileResponse.h"; sourceTree = "<group>"; };
		85EF8B20D1EF4D0BAACEFEE9 /* sqlite3.h */ = {isa = PBXFileReference; explicitFileType = undefined; fileEncoding = 4; includeInIndex = 0; lastKnownFileType = sourcecode.c.h; name = sqlite3.h; path = "cordova-sqlite-storage/sqlite3.h"; sourceTree = "<group>"; };
		884A713AA33844EC882FB42C /* AFURLRequestSerialization.m */ = {isa = PBXFileReference; explicitFileType = undefined; fileEncoding = 4; includeInIndex = 0; lastKnownFileType = sourcecode.c.objc; name = AFURLRequestSerialization.m; path = "cordova-plugin-advanced-http/AFURLRequestSerialization.m"; sourceTree = "<group>"; };
		889E904FFF034963971B403C /* GCDWebServerStreamedResponse.m */ = {isa = PBXFileReference; explicitFileType = undefined; fileEncoding = 4; includeInIndex = 0; lastKnownFileType = sourcecode.c.objc; name = GCDWebServerStreamedResponse.m; path = "cordova-plugin-ionic-webview/GCDWebServerStreamedResponse.m"; sourceTree = "<group>"; };
		8A4D3AEB756B4A4BB471165F /* UICKeyChainStore.m */ = {isa = PBXFileReference; explicitFileType = undefined; fileEncoding = 4; includeInIndex = 0; lastKnownFileType = sourcecode.c.objc; name = UICKeyChainStore.m; path = "cordova-plugin-uniquedeviceid/UICKeyChainStore.m"; sourceTree = "<group>"; };
		8D1107310486CEB800E47090 /* Dashboard-Info.plist */ = {isa = PBXFileReference; fileEncoding = 4; lastKnownFileType = text.plist.xml; name = "Dashboard-Info.plist"; path = "Dashboard/Dashboard-Info.plist"; plistStructureDefinitionIdentifier = "com.apple.xcode.plist.structure-definition.iphone.info-plist"; sourceTree = SOURCE_ROOT; };
		91D2009E0CF94735AF1240D3 /* GCDWebServerURLEncodedFormRequest.h */ = {isa = PBXFileReference; explicitFileType = undefined; fileEncoding = 4; includeInIndex = 0; lastKnownFileType = sourcecode.c.h; name = GCDWebServerURLEncodedFormRequest.h; path = "cordova-plugin-ionic-webview/GCDWebServerURLEncodedFormRequest.h"; sourceTree = "<group>"; };
		9787D5254C9E46759DB9C5B1 /* AFSecurityPolicy.m */ = {isa = PBXFileReference; explicitFileType = undefined; fileEncoding = 4; includeInIndex = 0; lastKnownFileType = sourcecode.c.objc; name = AFSecurityPolicy.m; path = "cordova-plugin-advanced-http/AFSecurityPolicy.m"; sourceTree = "<group>"; };
		9987BEA7ECF341F29FF7531F /* AFHTTPSessionManager.m */ = {isa = PBXFileReference; explicitFileType = undefined; fileEncoding = 4; includeInIndex = 0; lastKnownFileType = sourcecode.c.objc; name = AFHTTPSessionManager.m; path = "cordova-plugin-advanced-http/AFHTTPSessionManager.m"; sourceTree = "<group>"; };
		A1D4154ED81D4C1397737ECB /* CDVLocalFilesystem.h */ = {isa = PBXFileReference; explicitFileType = undefined; fileEncoding = 4; includeInIndex = 0; lastKnownFileType = sourcecode.c.h; name = CDVLocalFilesystem.h; path = "cordova-plugin-file/CDVLocalFilesystem.h"; sourceTree = "<group>"; };
		A5E36672B9F347E58306AFC3 /* TextRequestSerializer.m */ = {isa = PBXFileReference; explicitFileType = undefined; fileEncoding = 4; includeInIndex = 0; lastKnownFileType = sourcecode.c.objc; name = TextRequestSerializer.m; path = "cordova-plugin-advanced-http/TextRequestSerializer.m"; sourceTree = "<group>"; };
		A6B6184A40514FA9B80C5709 /* GCDWebServerFileRequest.h */ = {isa = PBXFileReference; explicitFileType = undefined; fileEncoding = 4; includeInIndex = 0; lastKnownFileType = sourcecode.c.h; name = GCDWebServerFileRequest.h; path = "cordova-plugin-ionic-webview/GCDWebServerFileRequest.h"; sourceTree = "<group>"; };
		A932B14E370F458385CB9609 /* CordovaHttpPlugin.m */ = {isa = PBXFileReference; explicitFileType = undefined; fileEncoding = 4; includeInIndex = 0; lastKnownFileType = sourcecode.c.objc; name = CordovaHttpPlugin.m; path = "cordova-plugin-advanced-http/CordovaHttpPlugin.m"; sourceTree = "<group>"; };
		AC6C8E10BFED401F99EC3EF7 /* TextResponseSerializer.h */ = {isa = PBXFileReference; explicitFileType = undefined; fileEncoding = 4; includeInIndex = 0; lastKnownFileType = sourcecode.c.h; name = TextResponseSerializer.h; path = "cordova-plugin-advanced-http/TextResponseSerializer.h"; sourceTree = "<group>"; };
		AE5F2C337EDE4DE4AA873010 /* GCDWebServerConnection.m */ = {isa = PBXFileReference; explicitFileType = undefined; fileEncoding = 4; includeInIndex = 0; lastKnownFileType = sourcecode.c.objc; name = GCDWebServerConnection.m; path = "cordova-plugin-ionic-webview/GCDWebServerConnection.m"; sourceTree = "<group>"; };
		B3593295B27343E6B47B5D3C /* GCDWebServerResponse.h */ = {isa = PBXFileReference; explicitFileType = undefined; fileEncoding = 4; includeInIndex = 0; lastKnownFileType = sourcecode.c.h; name = GCDWebServerResponse.h; path = "cordova-plugin-ionic-webview/GCDWebServerResponse.h"; sourceTree = "<group>"; };
		B4ECFC08DFBC47F3B40C6FA6 /* GCDWebServerConnection.h */ = {isa = PBXFileReference; explicitFileType = undefined; fileEncoding = 4; includeInIndex = 0; lastKnownFileType = sourcecode.c.h; name = GCDWebServerConnection.h; path = "cordova-plugin-ionic-webview/GCDWebServerConnection.h"; sourceTree = "<group>"; };
		B94EE7A2BC3D492BBDC4D1F1 /* GCDWebServerResponse.m */ = {isa = PBXFileReference; explicitFileType = undefined; fileEncoding = 4; includeInIndex = 0; lastKnownFileType = sourcecode.c.objc; name = GCDWebServerResponse.m; path = "cordova-plugin-ionic-webview/GCDWebServerResponse.m"; sourceTree = "<group>"; };
		BAEA1D59138443A281F080D9 /* CDVDevice.h */ = {isa = PBXFileReference; explicitFileType = undefined; fileEncoding = 4; includeInIndex = 0; lastKnownFileType = sourcecode.c.h; name = CDVDevice.h; path = "cordova-plugin-device/CDVDevice.h"; sourceTree = "<group>"; };
		BF4E784E209D48F19A6BDDAA /* CDVViewController+SplashScreen.m */ = {isa = PBXFileReference; explicitFileType = undefined; fileEncoding = 4; includeInIndex = 0; lastKnownFileType = sourcecode.c.objc; name = "CDVViewController+SplashScreen.m"; path = "cordova-plugin-splashscreen/CDVViewController+SplashScreen.m"; sourceTree = "<group>"; };
		BF663FA198B846629B1A9ADE /* GCDWebServer.h */ = {isa = PBXFileReference; explicitFileType = undefined; fileEncoding = 4; includeInIndex = 0; lastKnownFileType = sourcecode.c.h; name = GCDWebServer.h; path = "cordova-plugin-ionic-webview/GCDWebServer.h"; sourceTree = "<group>"; };
		C3E5CCD1E7F345C28FD4B7AE /* SQLitePlugin.h */ = {isa = PBXFileReference; explicitFileType = undefined; fileEncoding = 4; includeInIndex = 0; lastKnownFileType = sourcecode.c.h; name = SQLitePlugin.h; path = "cordova-sqlite-storage/SQLitePlugin.h"; sourceTree = "<group>"; };
		C43C17A319F34653882D0EE5 /* GCDWebServerPrivate.h */ = {isa = PBXFileReference; explicitFileType = undefined; fileEncoding = 4; includeInIndex = 0; lastKnownFileType = sourcecode.c.h; name = GCDWebServerPrivate.h; path = "cordova-plugin-ionic-webview/GCDWebServerPrivate.h"; sourceTree = "<group>"; };
		C92987F7401E4B7486560C13 /* GCDWebServerDataResponse.h */ = {isa = PBXFileReference; explicitFileType = undefined; fileEncoding = 4; includeInIndex = 0; lastKnownFileType = sourcecode.c.h; name = GCDWebServerDataResponse.h; path = "cordova-plugin-ionic-webview/GCDWebServerDataResponse.h"; sourceTree = "<group>"; };
		CAC26502A2F645F6A23029E9 /* AFURLResponseSerialization.m */ = {isa = PBXFileReference; explicitFileType = undefined; fileEncoding = 4; includeInIndex = 0; lastKnownFileType = sourcecode.c.objc; name = AFURLResponseSerialization.m; path = "cordova-plugin-advanced-http/AFURLResponseSerialization.m"; sourceTree = "<group>"; };
		CD8A3697F7014A8D8AA55AFC /* GCDWebServerDataRequest.m */ = {isa = PBXFileReference; explicitFileType = undefined; fileEncoding = 4; includeInIndex = 0; lastKnownFileType = sourcecode.c.objc; name = GCDWebServerDataRequest.m; path = "cordova-plugin-ionic-webview/GCDWebServerDataRequest.m"; sourceTree = "<group>"; };
		D2FD01E6D7104BC88D307576 /* CDVAssetLibraryFilesystem.m */ = {isa = PBXFileReference; explicitFileType = undefined; fileEncoding = 4; includeInIndex = 0; lastKnownFileType = sourcecode.c.objc; name = CDVAssetLibraryFilesystem.m; path = "cordova-plugin-file/CDVAssetLibraryFilesystem.m"; sourceTree = "<group>"; };
		D43A8CB8E06F4382A15A797B /* CDVWKWebViewUIDelegate.m */ = {isa = PBXFileReference; explicitFileType = undefined; fileEncoding = 4; includeInIndex = 0; lastKnownFileType = sourcecode.c.objc; name = CDVWKWebViewUIDelegate.m; path = "cordova-plugin-ionic-webview/CDVWKWebViewUIDelegate.m"; sourceTree = "<group>"; };
		D6800E34C92D495D95FD554B /* CDVWKProcessPoolFactory.h */ = {isa = PBXFileReference; explicitFileType = undefined; fileEncoding = 4; includeInIndex = 0; lastKnownFileType = sourcecode.c.h; name = CDVWKProcessPoolFactory.h; path = "cordova-plugin-ionic-webview/CDVWKProcessPoolFactory.h"; sourceTree = "<group>"; };
		D970021C595B47B281031D9C /* libz.tbd */ = {isa = PBXFileReference; explicitFileType = undefined; fileEncoding = 9; includeInIndex = 0; lastKnownFileType = "sourcecode.text-based-dylib-definition"; name = libz.tbd; path = usr/lib/libz.tbd; sourceTree = SDKROOT; };
		DAAF0FF65D5E416888E05316 /* CDVSplashScreen.m */ = {isa = PBXFileReference; explicitFileType = undefined; fileEncoding = 4; includeInIndex = 0; lastKnownFileType = sourcecode.c.objc; name = CDVSplashScreen.m; path = "cordova-plugin-splashscreen/CDVSplashScreen.m"; sourceTree = "<group>"; };
		DB6FC8FB27464223AC35F102 /* CDVSplashScreen.h */ = {isa = PBXFileReference; explicitFileType = undefined; fileEncoding = 4; includeInIndex = 0; lastKnownFileType = sourcecode.c.h; name = CDVSplashScreen.h; path = "cordova-plugin-splashscreen/CDVSplashScreen.h"; sourceTree = "<group>"; };
		DDF999144FB54C2E8DAF09D4 /* CDVDevice.m */ = {isa = PBXFileReference; explicitFileType = undefined; fileEncoding = 4; includeInIndex = 0; lastKnownFileType = sourcecode.c.objc; name = CDVDevice.m; path = "cordova-plugin-device/CDVDevice.m"; sourceTree = "<group>"; };
		E258CFCBD1734B438B668CD1 /* SystemConfiguration.framework */ = {isa = PBXFileReference; explicitFileType = undefined; fileEncoding = 9; includeInIndex = 0; lastKnownFileType = wrapper.framework; name = SystemConfiguration.framework; path = System/Library/Frameworks/SystemConfiguration.framework; sourceTree = SDKROOT; };
		E371D5CEE4434FB0A5092500 /* CDVWKProcessPoolFactory.m */ = {isa = PBXFileReference; explicitFileType = undefined; fileEncoding = 4; includeInIndex = 0; lastKnownFileType = sourcecode.c.objc; name = CDVWKProcessPoolFactory.m; path = "cordova-plugin-ionic-webview/CDVWKProcessPoolFactory.m"; sourceTree = "<group>"; };
		E87AD1852104456B8AC047F4 /* GCDWebServerDataResponse.m */ = {isa = PBXFileReference; explicitFileType = undefined; fileEncoding = 4; includeInIndex = 0; lastKnownFileType = sourcecode.c.objc; name = GCDWebServerDataResponse.m; path = "cordova-plugin-ionic-webview/GCDWebServerDataResponse.m"; sourceTree = "<group>"; };
		EB87FDF31871DA8E0020F90C /* www */ = {isa = PBXFileReference; lastKnownFileType = folder; name = www; path = ../../www; sourceTree = "<group>"; };
		EB87FDF41871DAF40020F90C /* config.xml */ = {isa = PBXFileReference; lastKnownFileType = text.xml; name = config.xml; path = ../../config.xml; sourceTree = "<group>"; };
		ED33DF2A687741AEAF9F8254 /* Bridging-Header.h */ = {isa = PBXFileReference; fileEncoding = 4; lastKnownFileType = sourcecode.c.h; path = "Bridging-Header.h"; sourceTree = "<group>"; };
		EF00C23BCD9740699F3C1DF1 /* GCDWebServer.m */ = {isa = PBXFileReference; explicitFileType = undefined; fileEncoding = 4; includeInIndex = 0; lastKnownFileType = sourcecode.c.objc; name = GCDWebServer.m; path = "cordova-plugin-ionic-webview/GCDWebServer.m"; sourceTree = "<group>"; };
		F1B38A75356A42F29FBEF0E4 /* GCDWebServerMultiPartFormRequest.h */ = {isa = PBXFileReference; explicitFileType = undefined; fileEncoding = 4; includeInIndex = 0; lastKnownFileType = sourcecode.c.h; name = GCDWebServerMultiPartFormRequest.h; path = "cordova-plugin-ionic-webview/GCDWebServerMultiPartFormRequest.h"; sourceTree = "<group>"; };
		F1B58809F1764CAB958F1869 /* CDVFile.h */ = {isa = PBXFileReference; explicitFileType = undefined; fileEncoding = 4; includeInIndex = 0; lastKnownFileType = sourcecode.c.h; name = CDVFile.h; path = "cordova-plugin-file/CDVFile.h"; sourceTree = "<group>"; };
		F202428B6C0A4A09AFD0921E /* GCDWebServerURLEncodedFormRequest.m */ = {isa = PBXFileReference; explicitFileType = undefined; fileEncoding = 4; includeInIndex = 0; lastKnownFileType = sourcecode.c.objc; name = GCDWebServerURLEncodedFormRequest.m; path = "cordova-plugin-ionic-webview/GCDWebServerURLEncodedFormRequest.m"; sourceTree = "<group>"; };
		F36B18E2EAF3453B8396EEF3 /* WebKit.framework */ = {isa = PBXFileReference; explicitFileType = undefined; fileEncoding = 9; includeInIndex = 0; lastKnownFileType = wrapper.framework; name = WebKit.framework; path = System/Library/Frameworks/WebKit.framework; sourceTree = SDKROOT; };
		F49DB32E72C6465A9FC4A80C /* sqlite3.c */ = {isa = PBXFileReference; explicitFileType = undefined; fileEncoding = 9; includeInIndex = 0; lastKnownFileType = unknown; name = sqlite3.c; path = "cordova-sqlite-storage/sqlite3.c"; sourceTree = "<group>"; };
		F4B4DB19BEB04A049E455259 /* UICKeyChainStore.h */ = {isa = PBXFileReference; explicitFileType = undefined; fileEncoding = 4; includeInIndex = 0; lastKnownFileType = sourcecode.c.h; name = UICKeyChainStore.h; path = "cordova-plugin-uniquedeviceid/UICKeyChainStore.h"; sourceTree = "<group>"; };
		F840E1F0165FE0F500CFE078 /* config.xml */ = {isa = PBXFileReference; lastKnownFileType = text.xml; name = config.xml; path = Dashboard/config.xml; sourceTree = "<group>"; };
		F90D063D3BBF419591BC784F /* GCDWebServerMultiPartFormRequest.m */ = {isa = PBXFileReference; explicitFileType = undefined; fileEncoding = 4; includeInIndex = 0; lastKnownFileType = sourcecode.c.objc; name = GCDWebServerMultiPartFormRequest.m; path = "cordova-plugin-ionic-webview/GCDWebServerMultiPartFormRequest.m"; sourceTree = "<group>"; };
		FC4FD58C1248450792202196 /* GCDWebServerRequest.m */ = {isa = PBXFileReference; explicitFileType = undefined; fileEncoding = 4; includeInIndex = 0; lastKnownFileType = sourcecode.c.objc; name = GCDWebServerRequest.m; path = "cordova-plugin-ionic-webview/GCDWebServerRequest.m"; sourceTree = "<group>"; };
		FE67F799427A4235AACA4705 /* CDVWKWebViewEngine.h */ = {isa = PBXFileReference; explicitFileType = undefined; fileEncoding = 4; includeInIndex = 0; lastKnownFileType = sourcecode.c.h; name = CDVWKWebViewEngine.h; path = "cordova-plugin-ionic-webview/CDVWKWebViewEngine.h"; sourceTree = "<group>"; };
		8A021F4F095642C6AB6A3B00 /* NSString+SSURLEncoding.m */ = {isa = PBXFileReference; name = "NSString+SSURLEncoding.m"; path = "cordova-plugin-x-socialsharing/NSString+SSURLEncoding.m"; sourceTree = "<group>"; fileEncoding = 4; lastKnownFileType = sourcecode.c.objc; explicitFileType = undefined; includeInIndex = 0; };
		2D132866D15D48BE87156EBD /* SocialSharing.m */ = {isa = PBXFileReference; name = "SocialSharing.m"; path = "cordova-plugin-x-socialsharing/SocialSharing.m"; sourceTree = "<group>"; fileEncoding = 4; lastKnownFileType = sourcecode.c.objc; explicitFileType = undefined; includeInIndex = 0; };
		8EC4E6E9E2C34330BFF9FBD8 /* NSString+SSURLEncoding.h */ = {isa = PBXFileReference; name = "NSString+SSURLEncoding.h"; path = "cordova-plugin-x-socialsharing/NSString+SSURLEncoding.h"; sourceTree = "<group>"; fileEncoding = 4; lastKnownFileType = sourcecode.c.h; explicitFileType = undefined; includeInIndex = 0; };
		65D66BBE7C484C749B9759D3 /* SocialSharing.h */ = {isa = PBXFileReference; name = "SocialSharing.h"; path = "cordova-plugin-x-socialsharing/SocialSharing.h"; sourceTree = "<group>"; fileEncoding = 4; lastKnownFileType = sourcecode.c.h; explicitFileType = undefined; includeInIndex = 0; };
		E9E17D0355D645019FD093D7 /* Social.framework */ = {isa = PBXFileReference; name = "Social.framework"; path = "System/Library/Frameworks/Social.framework"; sourceTree = SDKROOT; fileEncoding = undefined; lastKnownFileType = wrapper.framework; explicitFileType = undefined; includeInIndex = 0; };
		5DDD475F0BC2474085898B57 /* MessageUI.framework */ = {isa = PBXFileReference; name = "MessageUI.framework"; path = "System/Library/Frameworks/MessageUI.framework"; sourceTree = SDKROOT; fileEncoding = undefined; lastKnownFileType = wrapper.framework; explicitFileType = undefined; includeInIndex = 0; };
/* End PBXFileReference section */

/* Begin PBXFrameworksBuildPhase section */
		1D60588F0D05DD3D006BFB54 /* Frameworks */ = {
			isa = PBXFrameworksBuildPhase;
			buildActionMask = 2147483647;
			files = (
				301BF552109A68D80062928A /* libCordova.a in Frameworks */,
				5851440C57E24A67819D166A /* Security.framework in Frameworks */,
				00A55419DE4B48E7A89FEABD /* SystemConfiguration.framework in Frameworks */,
				B4E9FB408D874800BD3013F2 /* libz.tbd in Frameworks */,
				7E949E9BF98A49EC94D72E89 /* WebKit.framework in Frameworks */,
				92192E2D00394ED8B8372460 /* Social.framework in Frameworks */,
				AAA7E1A8C7F54BC09DD393CA /* MessageUI.framework in Frameworks */,
			);
			runOnlyForDeploymentPostprocessing = 0;
		};
/* End PBXFrameworksBuildPhase section */

/* Begin PBXGroup section */
		080E96DDFE201D6D7F000001 /* Classes */ = {
			isa = PBXGroup;
			children = (
				302D95EE14D2391D003F00A1 /* MainViewController.h */,
				302D95EF14D2391D003F00A1 /* MainViewController.m */,
				302D95F014D2391D003F00A1 /* MainViewController.xib */,
				1D3623240D0F684500981E51 /* AppDelegate.h */,
				1D3623250D0F684500981E51 /* AppDelegate.m */,
			);
			name = Classes;
			path = Dashboard/Classes;
			sourceTree = SOURCE_ROOT;
		};
		19C28FACFE9D520D11CA2CBB /* Products */ = {
			isa = PBXGroup;
			children = (
				1D6058910D05DD3D006BFB54 /* Dashboard.app */,
			);
			name = Products;
			sourceTree = "<group>";
		};
		29B97314FDCFA39411CA2CEA /* CustomTemplate */ = {
			isa = PBXGroup;
			children = (
				EB87FDF41871DAF40020F90C /* config.xml */,
				EB87FDF31871DA8E0020F90C /* www */,
				EB87FDF11871DA420020F90C /* Staging */,
				301BF52D109A57CC0062928A /* CordovaLib/CordovaLib.xcodeproj */,
				080E96DDFE201D6D7F000001 /* Classes */,
				307C750510C5A3420062BCA9 /* Plugins */,
				29B97315FDCFA39411CA2CEA /* Other Sources */,
				29B97317FDCFA39411CA2CEA /* Resources */,
				29B97323FDCFA39411CA2CEA /* Frameworks */,
				19C28FACFE9D520D11CA2CBB /* Products */,
			);
			name = CustomTemplate;
			sourceTree = "<group>";
		};
		29B97315FDCFA39411CA2CEA /* Other Sources */ = {
			isa = PBXGroup;
			children = (
				32CA4F630368D1EE00C91783 /* Dashboard-Prefix.pch */,
				29B97316FDCFA39411CA2CEA /* main.m */,
				ED33DF2A687741AEAF9F8254 /* Bridging-Header.h */,
			);
			name = "Other Sources";
			path = Dashboard;
			sourceTree = "<group>";
		};
		29B97317FDCFA39411CA2CEA /* Resources */ = {
			isa = PBXGroup;
			children = (
				0207DA571B56EA530066E2B4 /* Images.xcassets */,
				3047A50E1AB8057F00498E2A /* config */,
				8D1107310486CEB800E47090 /* Dashboard-Info.plist */,
				6AFF5BF81D6E424B00AB3073 /* CDVLaunchScreen.storyboard */,
			);
			name = Resources;
			path = Dashboard/Resources;
			sourceTree = "<group>";
		};
		29B97323FDCFA39411CA2CEA /* Frameworks */ = {
			isa = PBXGroup;
			children = (
				04D39EE0A3DC46C690F395BA /* Security.framework */,
				E258CFCBD1734B438B668CD1 /* SystemConfiguration.framework */,
				D970021C595B47B281031D9C /* libz.tbd */,
				F36B18E2EAF3453B8396EEF3 /* WebKit.framework */,
				E9E17D0355D645019FD093D7 /* Social.framework */,
				5DDD475F0BC2474085898B57 /* MessageUI.framework */,
			);
			name = Frameworks;
			sourceTree = "<group>";
		};
		301BF52E109A57CC0062928A /* Products */ = {
			isa = PBXGroup;
			children = (
				301BF535109A57CC0062928A /* libCordova.a */,
				9F20807D211A3600006BC92E /* Cordova.framework */,
			);
			name = Products;
			sourceTree = "<group>";
		};
		3047A50E1AB8057F00498E2A /* config */ = {
			isa = PBXGroup;
			children = (
				3047A50F1AB8059700498E2A /* build-debug.xcconfig */,
				3047A5101AB8059700498E2A /* build-release.xcconfig */,
				3047A5111AB8059700498E2A /* build.xcconfig */,
			);
			name = config;
			sourceTree = "<group>";
		};
		307C750510C5A3420062BCA9 /* Plugins */ = {
			isa = PBXGroup;
			children = (
				7AB99D8E9211442EA99FF2E8 /* CDVFile.m */,
				190EBAC146AD4D55A493AACD /* CDVLocalFilesystem.m */,
				D2FD01E6D7104BC88D307576 /* CDVAssetLibraryFilesystem.m */,
				F1B58809F1764CAB958F1869 /* CDVFile.h */,
				A1D4154ED81D4C1397737ECB /* CDVLocalFilesystem.h */,
				5BFBF08B10564924A894DA6E /* CDVAssetLibraryFilesystem.h */,
				A932B14E370F458385CB9609 /* CordovaHttpPlugin.m */,
				6FFE42FD98D74B77BB0A8659 /* TextResponseSerializer.m */,
				A5E36672B9F347E58306AFC3 /* TextRequestSerializer.m */,
				9987BEA7ECF341F29FF7531F /* AFHTTPSessionManager.m */,
				2CDC509DD7D24945B8B06BE9 /* AFNetworkReachabilityManager.m */,
				9787D5254C9E46759DB9C5B1 /* AFSecurityPolicy.m */,
				884A713AA33844EC882FB42C /* AFURLRequestSerialization.m */,
				CAC26502A2F645F6A23029E9 /* AFURLResponseSerialization.m */,
				4B32342211874268A0721434 /* AFURLSessionManager.m */,
				02953FE16E014C7CB9D44B2D /* CordovaHttpPlugin.h */,
				AC6C8E10BFED401F99EC3EF7 /* TextResponseSerializer.h */,
				02C72FF910D443279E4A9D7B /* TextRequestSerializer.h */,
				474C99413BD740729D218E61 /* AFHTTPSessionManager.h */,
				0C62CB959B6F4618B5CF6EE4 /* AFNetworking.h */,
				51F87DF51FA24C42850627BD /* AFNetworkReachabilityManager.h */,
				5BD8633AFA50410CB2F5D7B3 /* AFSecurityPolicy.h */,
				7C23012ECA6741779FD089B2 /* AFURLRequestSerialization.h */,
				4CF42604D17F4895B6E190D0 /* AFURLResponseSerialization.h */,
				4C401EF145834077A334451E /* AFURLSessionManager.h */,
				DDF999144FB54C2E8DAF09D4 /* CDVDevice.m */,
				BAEA1D59138443A281F080D9 /* CDVDevice.h */,
				178620A1F1E747B6BC8E3A00 /* CDVIonicKeyboard.m */,
				7598C22ACDD34E00902A4E18 /* CDVIonicKeyboard.h */,
				732BE7EB5F4440E1AD702AD1 /* CDVWKWebViewEngine.m */,
				D43A8CB8E06F4382A15A797B /* CDVWKWebViewUIDelegate.m */,
				E371D5CEE4434FB0A5092500 /* CDVWKProcessPoolFactory.m */,
				EF00C23BCD9740699F3C1DF1 /* GCDWebServer.m */,
				AE5F2C337EDE4DE4AA873010 /* GCDWebServerConnection.m */,
				547C8D9F2BBE4CC190F55457 /* GCDWebServerFunctions.m */,
				FC4FD58C1248450792202196 /* GCDWebServerRequest.m */,
				B94EE7A2BC3D492BBDC4D1F1 /* GCDWebServerResponse.m */,
				CD8A3697F7014A8D8AA55AFC /* GCDWebServerDataRequest.m */,
				5B1079DD35F340A3899084FA /* GCDWebServerFileRequest.m */,
				F90D063D3BBF419591BC784F /* GCDWebServerMultiPartFormRequest.m */,
				F202428B6C0A4A09AFD0921E /* GCDWebServerURLEncodedFormRequest.m */,
				E87AD1852104456B8AC047F4 /* GCDWebServerDataResponse.m */,
				2AD5297AC3F147FDA873177C /* GCDWebServerErrorResponse.m */,
				6B1F30541F4D49A7AA04CEA9 /* GCDWebServerFileResponse.m */,
				889E904FFF034963971B403C /* GCDWebServerStreamedResponse.m */,
				FE67F799427A4235AACA4705 /* CDVWKWebViewEngine.h */,
				08CDF57D306B423AAE5EBF08 /* CDVWKWebViewUIDelegate.h */,
				D6800E34C92D495D95FD554B /* CDVWKProcessPoolFactory.h */,
				BF663FA198B846629B1A9ADE /* GCDWebServer.h */,
				B4ECFC08DFBC47F3B40C6FA6 /* GCDWebServerConnection.h */,
				4FCB0B4B0E764510BA9A4DBF /* GCDWebServerFunctions.h */,
				32F031888E1740789630C912 /* GCDWebServerHTTPStatusCodes.h */,
				C43C17A319F34653882D0EE5 /* GCDWebServerPrivate.h */,
				716DFD0F05A04C2BBB93AEB6 /* GCDWebServerRequest.h */,
				B3593295B27343E6B47B5D3C /* GCDWebServerResponse.h */,
				6363EA45DD1A4E39B35DFCEF /* GCDWebServerDataRequest.h */,
				A6B6184A40514FA9B80C5709 /* GCDWebServerFileRequest.h */,
				F1B38A75356A42F29FBEF0E4 /* GCDWebServerMultiPartFormRequest.h */,
				91D2009E0CF94735AF1240D3 /* GCDWebServerURLEncodedFormRequest.h */,
				C92987F7401E4B7486560C13 /* GCDWebServerDataResponse.h */,
				0FEDAB7E6BE842E0B83DD478 /* GCDWebServerErrorResponse.h */,
				81C1E31800FC473591F92A75 /* GCDWebServerFileResponse.h */,
				7FEBD89C62C94DB498BD9068 /* GCDWebServerStreamedResponse.h */,
				DAAF0FF65D5E416888E05316 /* CDVSplashScreen.m */,
				BF4E784E209D48F19A6BDDAA /* CDVViewController+SplashScreen.m */,
				DB6FC8FB27464223AC35F102 /* CDVSplashScreen.h */,
				15E915D479904CE4A3352CE9 /* CDVViewController+SplashScreen.h */,
				8A4D3AEB756B4A4BB471165F /* UICKeyChainStore.m */,
				71C39C67B92E45939E078D24 /* CDVUniqueDeviceID.m */,
				F4B4DB19BEB04A049E455259 /* UICKeyChainStore.h */,
				4A25354D8ABE47709B80A094 /* CDVUniqueDeviceID.h */,
				46B57DCBA54F48189AE8255B /* SQLitePlugin.m */,
				758946DF214B423DB4F58304 /* PSPDFThreadSafeMutableDictionary.m */,
				F49DB32E72C6465A9FC4A80C /* sqlite3.c */,
				C3E5CCD1E7F345C28FD4B7AE /* SQLitePlugin.h */,
				0B95CD1FCF464899871ACA14 /* PSPDFThreadSafeMutableDictionary.h */,
				85EF8B20D1EF4D0BAACEFEE9 /* sqlite3.h */,
				8A021F4F095642C6AB6A3B00 /* NSString+SSURLEncoding.m */,
				2D132866D15D48BE87156EBD /* SocialSharing.m */,
				8EC4E6E9E2C34330BFF9FBD8 /* NSString+SSURLEncoding.h */,
				65D66BBE7C484C749B9759D3 /* SocialSharing.h */,
			);
			name = Plugins;
			path = Dashboard/Plugins;
			sourceTree = SOURCE_ROOT;
		};
		EB87FDF11871DA420020F90C /* Staging */ = {
			isa = PBXGroup;
			children = (
				F840E1F0165FE0F500CFE078 /* config.xml */,
				301BF56E109A69640062928A /* www */,
			);
			name = Staging;
			sourceTree = "<group>";
		};
/* End PBXGroup section */

/* Begin PBXNativeTarget section */
		1D6058900D05DD3D006BFB54 /* Dashboard */ = {
			isa = PBXNativeTarget;
			buildConfigurationList = 1D6058960D05DD3E006BFB54 /* Build configuration list for PBXNativeTarget "Dashboard" */;
			buildPhases = (
				304B58A110DAC018002A0835 /* Copy www directory */,
				1D60588D0D05DD3D006BFB54 /* Resources */,
				1D60588E0D05DD3D006BFB54 /* Sources */,
				1D60588F0D05DD3D006BFB54 /* Frameworks */,
			);
			buildRules = (
			);
			dependencies = (
				301BF551109A68C00062928A /* PBXTargetDependency */,
			);
			name = Dashboard;
			productName = Dashboard;
			productReference = 1D6058910D05DD3D006BFB54 /* Dashboard.app */;
			productType = "com.apple.product-type.application";
		};
/* End PBXNativeTarget section */

/* Begin PBXProject section */
		29B97313FDCFA39411CA2CEA /* Project object */ = {
			isa = PBXProject;
			attributes = {
				LastUpgradeCheck = 510;
				TargetAttributes = {
					1D6058900D05DD3D006BFB54 = {
						DevelopmentTeam = 4M7JBQ5ZZ7;
					};
				};
			};
			buildConfigurationList = C01FCF4E08A954540054247B /* Build configuration list for PBXProject "Dashboard" */;
			compatibilityVersion = "Xcode 3.2";
			developmentRegion = English;
			hasScannedForEncodings = 1;
			knownRegions = (
				en,
			);
			mainGroup = 29B97314FDCFA39411CA2CEA /* CustomTemplate */;
			projectDirPath = "";
			projectReferences = (
				{
					ProductGroup = 301BF52E109A57CC0062928A /* Products */;
					ProjectRef = 301BF52D109A57CC0062928A /* CordovaLib/CordovaLib.xcodeproj */;
				},
			);
			projectRoot = "";
			targets = (
				1D6058900D05DD3D006BFB54 /* Dashboard */,
			);
		};
/* End PBXProject section */

/* Begin PBXReferenceProxy section */
		301BF535109A57CC0062928A /* libCordova.a */ = {
			isa = PBXReferenceProxy;
			fileType = archive.ar;
			path = libCordova.a;
			remoteRef = 301BF534109A57CC0062928A /* PBXContainerItemProxy */;
			sourceTree = BUILT_PRODUCTS_DIR;
		};
		9F20807D211A3600006BC92E /* Cordova.framework */ = {
			isa = PBXReferenceProxy;
			fileType = wrapper.framework;
			path = Cordova.framework;
			remoteRef = 9F20807C211A3600006BC92E /* PBXContainerItemProxy */;
			sourceTree = BUILT_PRODUCTS_DIR;
		};
/* End PBXReferenceProxy section */

/* Begin PBXResourcesBuildPhase section */
		1D60588D0D05DD3D006BFB54 /* Resources */ = {
			isa = PBXResourcesBuildPhase;
			buildActionMask = 2147483647;
			files = (
				302D95F214D2391D003F00A1 /* MainViewController.xib in Resources */,
				0207DA581B56EA530066E2B4 /* Images.xcassets in Resources */,
				6AFF5BF91D6E424B00AB3073 /* CDVLaunchScreen.storyboard in Resources */,
			);
			runOnlyForDeploymentPostprocessing = 0;
		};
/* End PBXResourcesBuildPhase section */

/* Begin PBXShellScriptBuildPhase section */
		304B58A110DAC018002A0835 /* Copy www directory */ = {
			isa = PBXShellScriptBuildPhase;
			buildActionMask = 2147483647;
			files = (
			);
			inputPaths = (
			);
			name = "Copy www directory";
			outputPaths = (
			);
			runOnlyForDeploymentPostprocessing = 0;
			shellPath = /bin/sh;
			shellScript = "NODEJS_PATH=/usr/local/bin; NVM_NODE_PATH=~/.nvm/versions/node/`nvm version 2>/dev/null`/bin; N_NODE_PATH=`find /usr/local/n/versions/node/* -maxdepth 0 -type d 2>/dev/null | tail -1`/bin; XCODE_NODE_PATH=`xcode-select --print-path`/usr/share/xcs/Node/bin; PATH=$NODEJS_PATH:$NVM_NODE_PATH:$N_NODE_PATH:$XCODE_NODE_PATH:$PATH && node cordova/lib/copy-www-build-step.js";
			showEnvVarsInLog = 0;
		};
/* End PBXShellScriptBuildPhase section */

/* Begin PBXSourcesBuildPhase section */
		1D60588E0D05DD3D006BFB54 /* Sources */ = {
			isa = PBXSourcesBuildPhase;
			buildActionMask = 2147483647;
			files = (
				1D60589B0D05DD56006BFB54 /* main.m in Sources */,
				1D3623260D0F684500981E51 /* AppDelegate.m in Sources */,
				302D95F114D2391D003F00A1 /* MainViewController.m in Sources */,
				4A3AA31489AA42F2A4923C5C /* CDVFile.m in Sources */,
				BCA0C1CBBC48478ABDD8C5AF /* CDVLocalFilesystem.m in Sources */,
				F11D8E537CC8484C94BA3C47 /* CDVAssetLibraryFilesystem.m in Sources */,
				6B6FF5AD7F8E4BAF98B05A25 /* CordovaHttpPlugin.m in Sources */,
				915560B114F046C58A9BA71A /* TextResponseSerializer.m in Sources */,
				8529A1B0E0054E26AD39BF8E /* TextRequestSerializer.m in Sources */,
				54805A45D18B4DD29B170A3C /* AFHTTPSessionManager.m in Sources */,
				C654C2D216D74FC589BB3830 /* AFNetworkReachabilityManager.m in Sources */,
				C9EF68D0D686465BA05DAB47 /* AFSecurityPolicy.m in Sources */,
				110509E488544A92A6087ADA /* AFURLRequestSerialization.m in Sources */,
				C2F57621329E4CC19F135CC7 /* AFURLResponseSerialization.m in Sources */,
				11CAE8007CC847FAA08E98F4 /* AFURLSessionManager.m in Sources */,
				A56C684B9C7D4F12B92ADF35 /* CDVDevice.m in Sources */,
				6CD1BCE4701643128A44670B /* CDVIonicKeyboard.m in Sources */,
				01EC6DBF0AA44E4EB4241301 /* CDVWKWebViewEngine.m in Sources */,
				C03580953E3A4EB5BB28B888 /* CDVWKWebViewUIDelegate.m in Sources */,
				3494662883F640A09E5B53AE /* CDVWKProcessPoolFactory.m in Sources */,
				39ADF239CE4A4FD2B47E11A5 /* GCDWebServer.m in Sources */,
				3D8D7FC17BC9497E9352EC3F /* GCDWebServerConnection.m in Sources */,
				61908C04198444E595DD08C8 /* GCDWebServerFunctions.m in Sources */,
				94D680F736EE4B3C921372C9 /* GCDWebServerRequest.m in Sources */,
				3F5CE138F52341F59E9D9BBE /* GCDWebServerResponse.m in Sources */,
				9A400B7179B948F0A79F54BE /* GCDWebServerDataRequest.m in Sources */,
				C0CC40F14F684BC797CEC3B1 /* GCDWebServerFileRequest.m in Sources */,
				19A22ABFCE3C4B59B9E359A1 /* GCDWebServerMultiPartFormRequest.m in Sources */,
				8481E6DD3E45486B8B33CD64 /* GCDWebServerURLEncodedFormRequest.m in Sources */,
				C464C61796E446AC8F3708B8 /* GCDWebServerDataResponse.m in Sources */,
				ECD9B33F28774E5798351834 /* GCDWebServerErrorResponse.m in Sources */,
				39A96ECD19F847C38528E033 /* GCDWebServerFileResponse.m in Sources */,
				BAB6AD71508947EF95DB120C /* GCDWebServerStreamedResponse.m in Sources */,
				EEFF877CB48849138A248C50 /* CDVSplashScreen.m in Sources */,
				C9BFD240CBB84933BBCFB0AB /* CDVViewController+SplashScreen.m in Sources */,
				CB9307881F7A4FB4B7DE437D /* UICKeyChainStore.m in Sources */,
				DFB8DA0E8E8844C4B3FE7D8F /* CDVUniqueDeviceID.m in Sources */,
				276B7D52BD5148989028EF7A /* SQLitePlugin.m in Sources */,
				6DDD9B30C1234F51905893E2 /* PSPDFThreadSafeMutableDictionary.m in Sources */,
				45857EB3C00241738077ECCD /* sqlite3.c in Sources */,
				E104C7F0D01941C49FEB954B /* NSString+SSURLEncoding.m in Sources */,
				C49D2EEAE83047DC9B55469E /* SocialSharing.m in Sources */,
			);
			runOnlyForDeploymentPostprocessing = 0;
		};
/* End PBXSourcesBuildPhase section */

/* Begin PBXTargetDependency section */
		301BF551109A68C00062928A /* PBXTargetDependency */ = {
			isa = PBXTargetDependency;
			name = CordovaLib;
			targetProxy = 301BF550109A68C00062928A /* PBXContainerItemProxy */;
		};
/* End PBXTargetDependency section */

/* Begin XCBuildConfiguration section */
		1D6058940D05DD3E006BFB54 /* Debug */ = {
			isa = XCBuildConfiguration;
			baseConfigurationReference = 3047A50F1AB8059700498E2A /* build-debug.xcconfig */;
			buildSettings = {
				ALWAYS_SEARCH_USER_PATHS = NO;
				ASSETCATALOG_COMPILER_APPICON_NAME = AppIcon;
				ASSETCATALOG_COMPILER_LAUNCHIMAGE_NAME = LaunchImage;
				CLANG_ENABLE_MODULES = YES;
				CLANG_ENABLE_OBJC_ARC = YES;
				COPY_PHASE_STRIP = NO;
				DEVELOPMENT_TEAM = 4M7JBQ5ZZ7;
				GCC_DYNAMIC_NO_PIC = NO;
				GCC_OPTIMIZATION_LEVEL = 0;
				GCC_PRECOMPILE_PREFIX_HEADER = YES;
				GCC_PREFIX_HEADER = "Dashboard/Dashboard-Prefix.pch";
				GCC_THUMB_SUPPORT = NO;
				GCC_VERSION = "";
				INFOPLIST_FILE = "Dashboard/Dashboard-Info.plist";
				IPHONEOS_DEPLOYMENT_TARGET = 9.0;
				LD_RUNPATH_SEARCH_PATHS = "@executable_path/Frameworks";
				PRODUCT_BUNDLE_IDENTIFIER = io.ionic.starterFabianoAmmirata;
				PRODUCT_NAME = Dashboard;
				TARGETED_DEVICE_FAMILY = "1,2";
			};
			name = Debug;
		};
		1D6058950D05DD3E006BFB54 /* Release */ = {
			isa = XCBuildConfiguration;
			baseConfigurationReference = 3047A5101AB8059700498E2A /* build-release.xcconfig */;
			buildSettings = {
				ALWAYS_SEARCH_USER_PATHS = NO;
				ASSETCATALOG_COMPILER_APPICON_NAME = AppIcon;
				ASSETCATALOG_COMPILER_LAUNCHIMAGE_NAME = LaunchImage;
				CLANG_ENABLE_MODULES = YES;
				CLANG_ENABLE_OBJC_ARC = YES;
				COPY_PHASE_STRIP = YES;
				DEVELOPMENT_TEAM = 4M7JBQ5ZZ7;
				GCC_PRECOMPILE_PREFIX_HEADER = YES;
				GCC_PREFIX_HEADER = "Dashboard/Dashboard-Prefix.pch";
				GCC_THUMB_SUPPORT = NO;
				GCC_VERSION = "";
				INFOPLIST_FILE = "Dashboard/Dashboard-Info.plist";
				IPHONEOS_DEPLOYMENT_TARGET = 9.0;
				LD_RUNPATH_SEARCH_PATHS = "@executable_path/Frameworks";
				PRODUCT_BUNDLE_IDENTIFIER = io.ionic.starterFabianoAmmirata;
				PRODUCT_NAME = Dashboard;
				TARGETED_DEVICE_FAMILY = "1,2";
			};
			name = Release;
		};
		C01FCF4F08A954540054247B /* Debug */ = {
			isa = XCBuildConfiguration;
			baseConfigurationReference = 3047A5111AB8059700498E2A /* build.xcconfig */;
			buildSettings = {
				CLANG_ENABLE_MODULES = YES;
				CLANG_ENABLE_OBJC_ARC = YES;
				CLANG_WARN_BOOL_CONVERSION = YES;
				CLANG_WARN_CONSTANT_CONVERSION = YES;
				CLANG_WARN_EMPTY_BODY = YES;
				CLANG_WARN_ENUM_CONVERSION = YES;
				CLANG_WARN_INT_CONVERSION = YES;
				CLANG_WARN__DUPLICATE_METHOD_MATCH = YES;
				GCC_C_LANGUAGE_STANDARD = c99;
				GCC_THUMB_SUPPORT = NO;
				GCC_VERSION = "";
				GCC_WARN_ABOUT_RETURN_TYPE = YES;
				GCC_WARN_UNDECLARED_SELECTOR = YES;
				GCC_WARN_UNINITIALIZED_AUTOS = YES;
				GCC_WARN_UNUSED_FUNCTION = YES;
				GCC_WARN_UNUSED_VARIABLE = YES;
				ONLY_ACTIVE_ARCH = YES;
				SDKROOT = iphoneos;
				SKIP_INSTALL = NO;
			};
			name = Debug;
		};
		C01FCF5008A954540054247B /* Release */ = {
			isa = XCBuildConfiguration;
			baseConfigurationReference = 3047A5111AB8059700498E2A /* build.xcconfig */;
			buildSettings = {
				CLANG_ENABLE_MODULES = YES;
				CLANG_ENABLE_OBJC_ARC = YES;
				CLANG_WARN_BOOL_CONVERSION = YES;
				CLANG_WARN_CONSTANT_CONVERSION = YES;
				CLANG_WARN_EMPTY_BODY = YES;
				CLANG_WARN_ENUM_CONVERSION = YES;
				CLANG_WARN_INT_CONVERSION = YES;
				CLANG_WARN__DUPLICATE_METHOD_MATCH = YES;
				GCC_C_LANGUAGE_STANDARD = c99;
				GCC_THUMB_SUPPORT = NO;
				GCC_VERSION = "";
				GCC_WARN_ABOUT_RETURN_TYPE = YES;
				GCC_WARN_UNDECLARED_SELECTOR = YES;
				GCC_WARN_UNINITIALIZED_AUTOS = YES;
				GCC_WARN_UNUSED_FUNCTION = YES;
				GCC_WARN_UNUSED_VARIABLE = YES;
				SDKROOT = iphoneos;
				SKIP_INSTALL = NO;
			};
			name = Release;
		};
/* End XCBuildConfiguration section */

/* Begin XCConfigurationList section */
		1D6058960D05DD3E006BFB54 /* Build configuration list for PBXNativeTarget "Dashboard" */ = {
			isa = XCConfigurationList;
			buildConfigurations = (
				1D6058940D05DD3E006BFB54 /* Debug */,
				1D6058950D05DD3E006BFB54 /* Release */,
			);
			defaultConfigurationIsVisible = 0;
			defaultConfigurationName = Release;
		};
		C01FCF4E08A954540054247B /* Build configuration list for PBXProject "Dashboard" */ = {
			isa = XCConfigurationList;
			buildConfigurations = (
				C01FCF4F08A954540054247B /* Debug */,
				C01FCF5008A954540054247B /* Release */,
			);
			defaultConfigurationIsVisible = 0;
			defaultConfigurationName = Release;
		};
/* End XCConfigurationList section */
	};
	rootObject = 29B97313FDCFA39411CA2CEA /* Project object */;
}
